github.com/gastrodon/psyduck v0.2.2 h1:ViS0dUZjW1BOObJEqwPYh1mzTXOhNarYCbi7EknNuc8=
github.com/gastrodon/psyduck v0.2.2/go.mod h1:9doAb9s4A3RdRPUIMV9vLUBCdlGlsYGb4zD/LIcT9ws=
github.com/gastrodon/psyduck v0.2.3 h1:CH6bifc8vFdkB5Wur7l6LN5jupe+CrVMQQ4NQuz6TDs=
github.com/gastrodon/psyduck v0.2.3/go.mod h1:yiwjfmr6fwQ2R+AA6JS58RawrCmwzbpvHs5+ZxlxGfA=
github.com/gastrodon/psyduck v1.0.0 h1:snGG0X6cx6tWX6J7HWlfUupyTgOTcOSwvhqIltshNbI=
github.com/gastrodon/psyduck v1.0.0/go.mod h1:zJHKPnAEwinYOflctlup77/rTgUAIjsut0hipZNjUj4=
